// !$*UTF8*$!
{
	archiveVersion = 1;
	classes = {
	};
	objectVersion = 48;
	objects = {

/* Begin PBXBuildFile section */
		213D166120D141FE00ECB6A2 /* ReceiptsViewController.swift in Sources */ = {isa = PBXBuildFile; fileRef = 213D166020D141FE00ECB6A2 /* ReceiptsViewController.swift */; };
		213D166320D1421600ECB6A2 /* PaymentsViewController.swift in Sources */ = {isa = PBXBuildFile; fileRef = 213D166220D1421600ECB6A2 /* PaymentsViewController.swift */; };
		213D166520D1426C00ECB6A2 /* CentralManagerHandler.swift in Sources */ = {isa = PBXBuildFile; fileRef = 213D166420D1426C00ECB6A2 /* CentralManagerHandler.swift */; };
		213D170B20D1502300ECB6A2 /* AccountManagementHandler.swift in Sources */ = {isa = PBXBuildFile; fileRef = 213D170A20D1502300ECB6A2 /* AccountManagementHandler.swift */; };
		21702C5620C1135300A7B3E4 /* PayeesViewController.swift in Sources */ = {isa = PBXBuildFile; fileRef = 21702C5520C1135300A7B3E4 /* PayeesViewController.swift */; };
		38AA4FBE8977DC1597A19FC8 /* Pods_TaPs.framework in Frameworks */ = {isa = PBXBuildFile; fileRef = 956FED37C605A15AFEAC7C71 /* Pods_TaPs.framework */; settings = {ATTRIBUTES = (Required, ); }; };
		3F228F6C208F501200BFA437 /* ReadWriteFileFS.swift in Sources */ = {isa = PBXBuildFile; fileRef = 3F228F6B208F501200BFA437 /* ReadWriteFileFS.swift */; };
		3F244F4520639AE700D69338 /* AppDelegate.swift in Sources */ = {isa = PBXBuildFile; fileRef = 3F244F4420639AE700D69338 /* AppDelegate.swift */; };
		3F244F4C20639AE700D69338 /* Main.storyboard in Resources */ = {isa = PBXBuildFile; fileRef = 3F244F4A20639AE700D69338 /* Main.storyboard */; };
		3F244F4E20639AE700D69338 /* Assets.xcassets in Resources */ = {isa = PBXBuildFile; fileRef = 3F244F4D20639AE700D69338 /* Assets.xcassets */; };
		3F3598F920DC2AC00010B053 /* LaunchScreen.storyboard in Resources */ = {isa = PBXBuildFile; fileRef = 3F3598F820DC2AC00010B053 /* LaunchScreen.storyboard */; };
		3F3D463720A457CD00FAE483 /* TextNumericUtilities.swift in Sources */ = {isa = PBXBuildFile; fileRef = 3F3D463620A457CD00FAE483 /* TextNumericUtilities.swift */; };
		3F4F009C20B706AE008436F1 /* TaPs.xcdatamodeld in Sources */ = {isa = PBXBuildFile; fileRef = 3F4F009A20B706AE008436F1 /* TaPs.xcdatamodeld */; };
		3F4F009E20B86B7D008436F1 /* CoreDataHandler.swift in Sources */ = {isa = PBXBuildFile; fileRef = 3F4F009D20B86B7D008436F1 /* CoreDataHandler.swift */; };
		3F5A46A02077A87D0054B218 /* AvatarCaptureController.swift in Sources */ = {isa = PBXBuildFile; fileRef = 3F5A469F2077A87C0054B218 /* AvatarCaptureController.swift */; };
		3F73C4DE2063E6B2004E262E /* MakePaymentViewController.swift in Sources */ = {isa = PBXBuildFile; fileRef = 3F73C4DD2063E6B2004E262E /* MakePaymentViewController.swift */; };
		3F86764620665A2C00A925FF /* AppLocker.swift in Sources */ = {isa = PBXBuildFile; fileRef = 3F86764320665A2C00A925FF /* AppLocker.swift */; };
		3F86764720665A2C00A925FF /* AppLocker.xib in Resources */ = {isa = PBXBuildFile; fileRef = 3F86764420665A2C00A925FF /* AppLocker.xib */; };
		3F86764820665A2C00A925FF /* UI.swift in Sources */ = {isa = PBXBuildFile; fileRef = 3F86764520665A2C00A925FF /* UI.swift */; };
		3F9B32D320A837D80003A727 /* PeripheralManagerHandler.swift in Sources */ = {isa = PBXBuildFile; fileRef = 3F9B32D220A837D70003A727 /* PeripheralManagerHandler.swift */; };
		3FB60BDE20B2EF76006C6EAD /* DropDownUnitsButton.swift in Sources */ = {isa = PBXBuildFile; fileRef = 3FB60BDD20B2EF76006C6EAD /* DropDownUnitsButton.swift */; };
		3FC0B0A32093904300F20DB7 /* AppData.swift in Sources */ = {isa = PBXBuildFile; fileRef = 3FC0B0A22093904300F20DB7 /* AppData.swift */; };
		3FC0B0A520939F4E00F20DB7 /* AccountViewController.swift in Sources */ = {isa = PBXBuildFile; fileRef = 3FC0B0A420939F4E00F20DB7 /* AccountViewController.swift */; };
		3FD700F620A2113700C07C07 /* HomeViewController.swift in Sources */ = {isa = PBXBuildFile; fileRef = 3FD700F520A2113700C07C07 /* HomeViewController.swift */; };
		3FDC061020E4C9B40051A59C /* IotaStorage.swift in Sources */ = {isa = PBXBuildFile; fileRef = 3FDC060F20E4C9B40051A59C /* IotaStorage.swift */; };
/* End PBXBuildFile section */

/* Begin PBXCopyFilesBuildPhase section */
		213D170920D14E1D00ECB6A2 /* Embed Libraries */ = {
			isa = PBXCopyFilesBuildPhase;
			buildActionMask = 2147483647;
			dstPath = "";
			dstSubfolderSpec = 10;
			files = (
			);
			name = "Embed Libraries";
			runOnlyForDeploymentPostprocessing = 0;
		};
/* End PBXCopyFilesBuildPhase section */

/* Begin PBXFileReference section */
		213D166020D141FE00ECB6A2 /* ReceiptsViewController.swift */ = {isa = PBXFileReference; fileEncoding = 4; lastKnownFileType = sourcecode.swift; path = ReceiptsViewController.swift; sourceTree = "<group>"; };
		213D166220D1421600ECB6A2 /* PaymentsViewController.swift */ = {isa = PBXFileReference; fileEncoding = 4; lastKnownFileType = sourcecode.swift; path = PaymentsViewController.swift; sourceTree = "<group>"; };
		213D166420D1426C00ECB6A2 /* CentralManagerHandler.swift */ = {isa = PBXFileReference; fileEncoding = 4; lastKnownFileType = sourcecode.swift; path = CentralManagerHandler.swift; sourceTree = "<group>"; };
		213D170A20D1502300ECB6A2 /* AccountManagementHandler.swift */ = {isa = PBXFileReference; lastKnownFileType = sourcecode.swift; path = AccountManagementHandler.swift; sourceTree = "<group>"; };
		21702C5520C1135300A7B3E4 /* PayeesViewController.swift */ = {isa = PBXFileReference; fileEncoding = 4; lastKnownFileType = sourcecode.swift; path = PayeesViewController.swift; sourceTree = "<group>"; };
		3F228F6B208F501200BFA437 /* ReadWriteFileFS.swift */ = {isa = PBXFileReference; lastKnownFileType = sourcecode.swift; path = ReadWriteFileFS.swift; sourceTree = "<group>"; };
		3F244F4120639AE700D69338 /* TaPs.app */ = {isa = PBXFileReference; explicitFileType = wrapper.application; includeInIndex = 0; path = TaPs.app; sourceTree = BUILT_PRODUCTS_DIR; };
		3F244F4420639AE700D69338 /* AppDelegate.swift */ = {isa = PBXFileReference; lastKnownFileType = sourcecode.swift; path = AppDelegate.swift; sourceTree = "<group>"; };
		3F244F4B20639AE700D69338 /* Base */ = {isa = PBXFileReference; lastKnownFileType = file.storyboard; name = Base; path = Base.lproj/Main.storyboard; sourceTree = "<group>"; };
		3F244F4D20639AE700D69338 /* Assets.xcassets */ = {isa = PBXFileReference; lastKnownFileType = folder.assetcatalog; path = Assets.xcassets; sourceTree = "<group>"; };
		3F244F5220639AE700D69338 /* Info.plist */ = {isa = PBXFileReference; lastKnownFileType = text.plist.xml; path = Info.plist; sourceTree = "<group>"; };
		3F244F5820639BB600D69338 /* TaPs.entitlements */ = {isa = PBXFileReference; lastKnownFileType = text.plist.entitlements; path = TaPs.entitlements; sourceTree = "<group>"; };
		3F3598F820DC2AC00010B053 /* LaunchScreen.storyboard */ = {isa = PBXFileReference; lastKnownFileType = file.storyboard; path = LaunchScreen.storyboard; sourceTree = "<group>"; };
		3F3D463620A457CD00FAE483 /* TextNumericUtilities.swift */ = {isa = PBXFileReference; lastKnownFileType = sourcecode.swift; path = TextNumericUtilities.swift; sourceTree = "<group>"; };
		3F4F009B20B706AE008436F1 /* temp.xcdatamodel */ = {isa = PBXFileReference; lastKnownFileType = wrapper.xcdatamodel; path = temp.xcdatamodel; sourceTree = "<group>"; };
		3F4F009D20B86B7D008436F1 /* CoreDataHandler.swift */ = {isa = PBXFileReference; lastKnownFileType = sourcecode.swift; path = CoreDataHandler.swift; sourceTree = "<group>"; };
		3F5A469F2077A87C0054B218 /* AvatarCaptureController.swift */ = {isa = PBXFileReference; fileEncoding = 4; lastKnownFileType = sourcecode.swift; path = AvatarCaptureController.swift; sourceTree = "<group>"; };
		3F73C4DD2063E6B2004E262E /* MakePaymentViewController.swift */ = {isa = PBXFileReference; lastKnownFileType = sourcecode.swift; path = MakePaymentViewController.swift; sourceTree = "<group>"; };
		3F86764320665A2C00A925FF /* AppLocker.swift */ = {isa = PBXFileReference; fileEncoding = 4; lastKnownFileType = sourcecode.swift; path = AppLocker.swift; sourceTree = "<group>"; };
		3F86764420665A2C00A925FF /* AppLocker.xib */ = {isa = PBXFileReference; fileEncoding = 4; lastKnownFileType = file.xib; path = AppLocker.xib; sourceTree = "<group>"; };
		3F86764520665A2C00A925FF /* UI.swift */ = {isa = PBXFileReference; fileEncoding = 4; lastKnownFileType = sourcecode.swift; path = UI.swift; sourceTree = "<group>"; };
		3F9B32D220A837D70003A727 /* PeripheralManagerHandler.swift */ = {isa = PBXFileReference; lastKnownFileType = sourcecode.swift; path = PeripheralManagerHandler.swift; sourceTree = "<group>"; };
		3FB60BDD20B2EF76006C6EAD /* DropDownUnitsButton.swift */ = {isa = PBXFileReference; lastKnownFileType = sourcecode.swift; path = DropDownUnitsButton.swift; sourceTree = "<group>"; };
		3FC0B0A22093904300F20DB7 /* AppData.swift */ = {isa = PBXFileReference; fileEncoding = 4; lastKnownFileType = sourcecode.swift; path = AppData.swift; sourceTree = "<group>"; };
		3FC0B0A420939F4E00F20DB7 /* AccountViewController.swift */ = {isa = PBXFileReference; fileEncoding = 4; lastKnownFileType = sourcecode.swift; path = AccountViewController.swift; sourceTree = "<group>"; };
		3FD700F520A2113700C07C07 /* HomeViewController.swift */ = {isa = PBXFileReference; fileEncoding = 4; lastKnownFileType = sourcecode.swift; path = HomeViewController.swift; sourceTree = "<group>"; };
		3FDC060F20E4C9B40051A59C /* IotaStorage.swift */ = {isa = PBXFileReference; lastKnownFileType = sourcecode.swift; path = IotaStorage.swift; sourceTree = "<group>"; };
		956FED37C605A15AFEAC7C71 /* Pods_TaPs.framework */ = {isa = PBXFileReference; explicitFileType = wrapper.framework; includeInIndex = 0; path = Pods_TaPs.framework; sourceTree = BUILT_PRODUCTS_DIR; };
		BA5672D4B9B7D8599E22A6FE /* Pods-TaPs.debug.xcconfig */ = {isa = PBXFileReference; includeInIndex = 1; lastKnownFileType = text.xcconfig; name = "Pods-TaPs.debug.xcconfig"; path = "Pods/Target Support Files/Pods-TaPs/Pods-TaPs.debug.xcconfig"; sourceTree = "<group>"; };
		E5E2AC02A93715B80A57EA2B /* Pods-TaPs.release.xcconfig */ = {isa = PBXFileReference; includeInIndex = 1; lastKnownFileType = text.xcconfig; name = "Pods-TaPs.release.xcconfig"; path = "Pods/Target Support Files/Pods-TaPs/Pods-TaPs.release.xcconfig"; sourceTree = "<group>"; };
/* End PBXFileReference section */

/* Begin PBXFrameworksBuildPhase section */
		3F244F3E20639AE700D69338 /* Frameworks */ = {
			isa = PBXFrameworksBuildPhase;
			buildActionMask = 2147483647;
			files = (
				38AA4FBE8977DC1597A19FC8 /* Pods_TaPs.framework in Frameworks */,
			);
			runOnlyForDeploymentPostprocessing = 0;
		};
/* End PBXFrameworksBuildPhase section */

/* Begin PBXGroup section */
		05A5065621213CD943970D12 /* Pods */ = {
			isa = PBXGroup;
			children = (
				BA5672D4B9B7D8599E22A6FE /* Pods-TaPs.debug.xcconfig */,
				E5E2AC02A93715B80A57EA2B /* Pods-TaPs.release.xcconfig */,
			);
			name = Pods;
			sourceTree = "<group>";
		};
		3060C0D5BB7759998CBABD17 /* Frameworks */ = {
			isa = PBXGroup;
			children = (
				956FED37C605A15AFEAC7C71 /* Pods_TaPs.framework */,
			);
			name = Frameworks;
			sourceTree = "<group>";
		};
		3F244F3820639AE700D69338 = {
			isa = PBXGroup;
			children = (
				3F244F4320639AE700D69338 /* TaPs */,
				3F244F4220639AE700D69338 /* Products */,
				05A5065621213CD943970D12 /* Pods */,
				3060C0D5BB7759998CBABD17 /* Frameworks */,
			);
			sourceTree = "<group>";
		};
		3F244F4220639AE700D69338 /* Products */ = {
			isa = PBXGroup;
			children = (
				3F244F4120639AE700D69338 /* TaPs.app */,
			);
			name = Products;
			sourceTree = "<group>";
		};
		3F244F4320639AE700D69338 /* TaPs */ = {
			isa = PBXGroup;
			children = (
				3F86764120665A2C00A925FF /* Source */,
				3F244F5820639BB600D69338 /* TaPs.entitlements */,
				3FC0B0A22093904300F20DB7 /* AppData.swift */,
				3F244F4420639AE700D69338 /* AppDelegate.swift */,
				3F4F009D20B86B7D008436F1 /* CoreDataHandler.swift */,
				213D170A20D1502300ECB6A2 /* AccountManagementHandler.swift */,
				213D166420D1426C00ECB6A2 /* CentralManagerHandler.swift */,
				3F9B32D220A837D70003A727 /* PeripheralManagerHandler.swift */,
				3FDC060F20E4C9B40051A59C /* IotaStorage.swift */,
				3F5A469F2077A87C0054B218 /* AvatarCaptureController.swift */,
				3FB60BDD20B2EF76006C6EAD /* DropDownUnitsButton.swift */,
				3F3D463620A457CD00FAE483 /* TextNumericUtilities.swift */,
				3F228F6B208F501200BFA437 /* ReadWriteFileFS.swift */,
				21702C5520C1135300A7B3E4 /* PayeesViewController.swift */,
				3F73C4DD2063E6B2004E262E /* MakePaymentViewController.swift */,
				213D166220D1421600ECB6A2 /* PaymentsViewController.swift */,
				213D166020D141FE00ECB6A2 /* ReceiptsViewController.swift */,
				3FC0B0A420939F4E00F20DB7 /* AccountViewController.swift */,
				3FD700F520A2113700C07C07 /* HomeViewController.swift */,
				3F4F009A20B706AE008436F1 /* TaPs.xcdatamodeld */,
				3F244F4A20639AE700D69338 /* Main.storyboard */,
				3F3598F820DC2AC00010B053 /* LaunchScreen.storyboard */,
				3F244F4D20639AE700D69338 /* Assets.xcassets */,
				3F244F5220639AE700D69338 /* Info.plist */,
			);
			path = TaPs;
			sourceTree = "<group>";
		};
		3F86764120665A2C00A925FF /* Source */ = {
			isa = PBXGroup;
			children = (
				3F86764220665A2C00A925FF /* AppLocker */,
				3F86764520665A2C00A925FF /* UI.swift */,
			);
			path = Source;
			sourceTree = "<group>";
		};
		3F86764220665A2C00A925FF /* AppLocker */ = {
			isa = PBXGroup;
			children = (
				3F86764320665A2C00A925FF /* AppLocker.swift */,
				3F86764420665A2C00A925FF /* AppLocker.xib */,
			);
			path = AppLocker;
			sourceTree = "<group>";
		};
/* End PBXGroup section */

/* Begin PBXNativeTarget section */
		3F244F4020639AE700D69338 /* TaPs */ = {
			isa = PBXNativeTarget;
			buildConfigurationList = 3F244F5520639AE700D69338 /* Build configuration list for PBXNativeTarget "TaPs" */;
			buildPhases = (
				89DA6F8D7BF1708C578E7FAD /* [CP] Check Pods Manifest.lock */,
				3F244F3D20639AE700D69338 /* Sources */,
				3F244F3E20639AE700D69338 /* Frameworks */,
				3F244F3F20639AE700D69338 /* Resources */,
				C03E83FB99FA0909070BCDF0 /* [CP] Embed Pods Frameworks */,
				213D170920D14E1D00ECB6A2 /* Embed Libraries */,
			);
			buildRules = (
			);
			dependencies = (
			);
			name = TaPs;
			productName = "Iota Tap";
			productReference = 3F244F4120639AE700D69338 /* TaPs.app */;
			productType = "com.apple.product-type.application";
		};
/* End PBXNativeTarget section */

/* Begin PBXProject section */
		3F244F3920639AE700D69338 /* Project object */ = {
			isa = PBXProject;
			attributes = {
				KnownAssetTags = (
					1,
				);
				LastSwiftUpdateCheck = 0920;
				LastUpgradeCheck = 1000;
				ORGANIZATIONNAME = "Red Kite Projects Limited";
				TargetAttributes = {
					3F244F4020639AE700D69338 = {
						CreatedOnToolsVersion = 9.2;
						LastSwiftMigration = 1000;
						ProvisioningStyle = Automatic;
						SystemCapabilities = {
							com.apple.BackgroundModes = {
								enabled = 1;
							};
							com.apple.DataProtection = {
								enabled = 1;
							};
						};
					};
				};
			};
			buildConfigurationList = 3F244F3C20639AE700D69338 /* Build configuration list for PBXProject "TaPs" */;
			compatibilityVersion = "Xcode 8.0";
			developmentRegion = en;
			hasScannedForEncodings = 0;
			knownRegions = (
				en,
				Base,
			);
			mainGroup = 3F244F3820639AE700D69338;
			productRefGroup = 3F244F4220639AE700D69338 /* Products */;
			projectDirPath = "";
			projectRoot = "";
			targets = (
				3F244F4020639AE700D69338 /* TaPs */,
			);
		};
/* End PBXProject section */

/* Begin PBXResourcesBuildPhase section */
		3F244F3F20639AE700D69338 /* Resources */ = {
			isa = PBXResourcesBuildPhase;
			buildActionMask = 2147483647;
			files = (
				3F244F4E20639AE700D69338 /* Assets.xcassets in Resources */,
				3F3598F920DC2AC00010B053 /* LaunchScreen.storyboard in Resources */,
				3F244F4C20639AE700D69338 /* Main.storyboard in Resources */,
				3F86764720665A2C00A925FF /* AppLocker.xib in Resources */,
			);
			runOnlyForDeploymentPostprocessing = 0;
		};
/* End PBXResourcesBuildPhase section */

/* Begin PBXShellScriptBuildPhase section */
		89DA6F8D7BF1708C578E7FAD /* [CP] Check Pods Manifest.lock */ = {
			isa = PBXShellScriptBuildPhase;
			buildActionMask = 2147483647;
			files = (
			);
			inputPaths = (
				"${PODS_PODFILE_DIR_PATH}/Podfile.lock",
				"${PODS_ROOT}/Manifest.lock",
			);
			name = "[CP] Check Pods Manifest.lock";
			outputPaths = (
				"$(DERIVED_FILE_DIR)/Pods-TaPs-checkManifestLockResult.txt",
			);
			runOnlyForDeploymentPostprocessing = 0;
			shellPath = /bin/sh;
			shellScript = "diff \"${PODS_PODFILE_DIR_PATH}/Podfile.lock\" \"${PODS_ROOT}/Manifest.lock\" > /dev/null\nif [ $? != 0 ] ; then\n    # print error to STDERR\n    echo \"error: The sandbox is not in sync with the Podfile.lock. Run 'pod install' or update your CocoaPods installation.\" >&2\n    exit 1\nfi\n# This output is used by Xcode 'outputs' to avoid re-running this script phase.\necho \"SUCCESS\" > \"${SCRIPT_OUTPUT_FILE_0}\"\n";
			showEnvVarsInLog = 0;
		};
		C03E83FB99FA0909070BCDF0 /* [CP] Embed Pods Frameworks */ = {
			isa = PBXShellScriptBuildPhase;
			buildActionMask = 2147483647;
			files = (
			);
			inputPaths = (
				"${SRCROOT}/Pods/Target Support Files/Pods-TaPs/Pods-TaPs-frameworks.sh",
				"${BUILT_PRODUCTS_DIR}/AvatarCapture/AvatarCapture.framework",
				"${BUILT_PRODUCTS_DIR}/FontAwesome.swift/FontAwesome_swift.framework",
				"${BUILT_PRODUCTS_DIR}/IotaKit/IotaKit.framework",
				"${BUILT_PRODUCTS_DIR}/SwiftKeychainWrapper/SwiftKeychainWrapper.framework",
			);
			name = "[CP] Embed Pods Frameworks";
			outputPaths = (
				"${TARGET_BUILD_DIR}/${FRAMEWORKS_FOLDER_PATH}/AvatarCapture.framework",
				"${TARGET_BUILD_DIR}/${FRAMEWORKS_FOLDER_PATH}/FontAwesome_swift.framework",
				"${TARGET_BUILD_DIR}/${FRAMEWORKS_FOLDER_PATH}/IotaKit.framework",
				"${TARGET_BUILD_DIR}/${FRAMEWORKS_FOLDER_PATH}/SwiftKeychainWrapper.framework",
			);
			runOnlyForDeploymentPostprocessing = 0;
			shellPath = /bin/sh;
			shellScript = "\"${SRCROOT}/Pods/Target Support Files/Pods-TaPs/Pods-TaPs-frameworks.sh\"\n";
			showEnvVarsInLog = 0;
		};
/* End PBXShellScriptBuildPhase section */

/* Begin PBXSourcesBuildPhase section */
		3F244F3D20639AE700D69338 /* Sources */ = {
			isa = PBXSourcesBuildPhase;
			buildActionMask = 2147483647;
			files = (
				3F4F009E20B86B7D008436F1 /* CoreDataHandler.swift in Sources */,
				213D166120D141FE00ECB6A2 /* ReceiptsViewController.swift in Sources */,
				3FDC061020E4C9B40051A59C /* IotaStorage.swift in Sources */,
				3FC0B0A32093904300F20DB7 /* AppData.swift in Sources */,
				3FB60BDE20B2EF76006C6EAD /* DropDownUnitsButton.swift in Sources */,
				3FC0B0A520939F4E00F20DB7 /* AccountViewController.swift in Sources */,
				3F3D463720A457CD00FAE483 /* TextNumericUtilities.swift in Sources */,
				3F4F009C20B706AE008436F1 /* TaPs.xcdatamodeld in Sources */,
				3F244F4520639AE700D69338 /* AppDelegate.swift in Sources */,
				3F5A46A02077A87D0054B218 /* AvatarCaptureController.swift in Sources */,
				3F73C4DE2063E6B2004E262E /* MakePaymentViewController.swift in Sources */,
				3F9B32D320A837D80003A727 /* PeripheralManagerHandler.swift in Sources */,
				21702C5620C1135300A7B3E4 /* PayeesViewController.swift in Sources */,
				3F228F6C208F501200BFA437 /* ReadWriteFileFS.swift in Sources */,
				3F86764820665A2C00A925FF /* UI.swift in Sources */,
				213D166320D1421600ECB6A2 /* PaymentsViewController.swift in Sources */,
				3F86764620665A2C00A925FF /* AppLocker.swift in Sources */,
				213D170B20D1502300ECB6A2 /* AccountManagementHandler.swift in Sources */,
				213D166520D1426C00ECB6A2 /* CentralManagerHandler.swift in Sources */,
				3FD700F620A2113700C07C07 /* HomeViewController.swift in Sources */,
			);
			runOnlyForDeploymentPostprocessing = 0;
		};
/* End PBXSourcesBuildPhase section */

/* Begin PBXVariantGroup section */
		3F244F4A20639AE700D69338 /* Main.storyboard */ = {
			isa = PBXVariantGroup;
			children = (
				3F244F4B20639AE700D69338 /* Base */,
			);
			name = Main.storyboard;
			sourceTree = "<group>";
		};
/* End PBXVariantGroup section */

/* Begin XCBuildConfiguration section */
		3F244F5320639AE700D69338 /* Debug */ = {
			isa = XCBuildConfiguration;
			buildSettings = {
				ALWAYS_SEARCH_USER_PATHS = NO;
				CLANG_ANALYZER_NONNULL = YES;
				CLANG_ANALYZER_NUMBER_OBJECT_CONVERSION = YES_AGGRESSIVE;
				CLANG_CXX_LANGUAGE_STANDARD = "gnu++14";
				CLANG_CXX_LIBRARY = "libc++";
				CLANG_ENABLE_MODULES = YES;
				CLANG_ENABLE_OBJC_ARC = YES;
				CLANG_WARN_BLOCK_CAPTURE_AUTORELEASING = YES;
				CLANG_WARN_BOOL_CONVERSION = YES;
				CLANG_WARN_COMMA = YES;
				CLANG_WARN_CONSTANT_CONVERSION = YES;
				CLANG_WARN_DEPRECATED_OBJC_IMPLEMENTATIONS = YES;
				CLANG_WARN_DIRECT_OBJC_ISA_USAGE = YES_ERROR;
				CLANG_WARN_DOCUMENTATION_COMMENTS = YES;
				CLANG_WARN_EMPTY_BODY = YES;
				CLANG_WARN_ENUM_CONVERSION = YES;
				CLANG_WARN_INFINITE_RECURSION = YES;
				CLANG_WARN_INT_CONVERSION = YES;
				CLANG_WARN_NON_LITERAL_NULL_CONVERSION = YES;
				CLANG_WARN_OBJC_IMPLICIT_RETAIN_SELF = YES;
				CLANG_WARN_OBJC_LITERAL_CONVERSION = YES;
				CLANG_WARN_OBJC_ROOT_CLASS = YES_ERROR;
				CLANG_WARN_RANGE_LOOP_ANALYSIS = YES;
				CLANG_WARN_STRICT_PROTOTYPES = YES;
				CLANG_WARN_SUSPICIOUS_MOVE = YES;
				CLANG_WARN_UNGUARDED_AVAILABILITY = YES_AGGRESSIVE;
				CLANG_WARN_UNREACHABLE_CODE = YES;
				CLANG_WARN__DUPLICATE_METHOD_MATCH = YES;
				CODE_SIGN_IDENTITY = "iPhone Developer";
				CODE_SIGN_STYLE = Automatic;
				COPY_PHASE_STRIP = NO;
				DEBUG_INFORMATION_FORMAT = dwarf;
				DEVELOPMENT_TEAM = R8SVG8SF99;
				ENABLE_STRICT_OBJC_MSGSEND = YES;
				ENABLE_TESTABILITY = YES;
				GCC_C_LANGUAGE_STANDARD = gnu11;
				GCC_DYNAMIC_NO_PIC = NO;
				GCC_NO_COMMON_BLOCKS = YES;
				GCC_OPTIMIZATION_LEVEL = 0;
				GCC_PREPROCESSOR_DEFINITIONS = (
					"DEBUG=1",
					"$(inherited)",
				);
				GCC_WARN_64_TO_32_BIT_CONVERSION = YES;
				GCC_WARN_ABOUT_RETURN_TYPE = YES_ERROR;
				GCC_WARN_UNDECLARED_SELECTOR = YES;
				GCC_WARN_UNINITIALIZED_AUTOS = YES_AGGRESSIVE;
				GCC_WARN_UNUSED_FUNCTION = YES;
				GCC_WARN_UNUSED_VARIABLE = YES;
				IPHONEOS_DEPLOYMENT_TARGET = 10.0;
				MTL_ENABLE_DEBUG_INFO = YES;
				ONLY_ACTIVE_ARCH = YES;
				SDKROOT = iphoneos;
				SWIFT_ACTIVE_COMPILATION_CONDITIONS = DEBUG;
				SWIFT_OPTIMIZATION_LEVEL = "-Onone";
			};
			name = Debug;
		};
		3F244F5420639AE700D69338 /* Release */ = {
			isa = XCBuildConfiguration;
			buildSettings = {
				ALWAYS_SEARCH_USER_PATHS = NO;
				CLANG_ANALYZER_NONNULL = YES;
				CLANG_ANALYZER_NUMBER_OBJECT_CONVERSION = YES_AGGRESSIVE;
				CLANG_CXX_LANGUAGE_STANDARD = "gnu++14";
				CLANG_CXX_LIBRARY = "libc++";
				CLANG_ENABLE_MODULES = YES;
				CLANG_ENABLE_OBJC_ARC = YES;
				CLANG_WARN_BLOCK_CAPTURE_AUTORELEASING = YES;
				CLANG_WARN_BOOL_CONVERSION = YES;
				CLANG_WARN_COMMA = YES;
				CLANG_WARN_CONSTANT_CONVERSION = YES;
				CLANG_WARN_DEPRECATED_OBJC_IMPLEMENTATIONS = YES;
				CLANG_WARN_DIRECT_OBJC_ISA_USAGE = YES_ERROR;
				CLANG_WARN_DOCUMENTATION_COMMENTS = YES;
				CLANG_WARN_EMPTY_BODY = YES;
				CLANG_WARN_ENUM_CONVERSION = YES;
				CLANG_WARN_INFINITE_RECURSION = YES;
				CLANG_WARN_INT_CONVERSION = YES;
				CLANG_WARN_NON_LITERAL_NULL_CONVERSION = YES;
				CLANG_WARN_OBJC_IMPLICIT_RETAIN_SELF = YES;
				CLANG_WARN_OBJC_LITERAL_CONVERSION = YES;
				CLANG_WARN_OBJC_ROOT_CLASS = YES_ERROR;
				CLANG_WARN_RANGE_LOOP_ANALYSIS = YES;
				CLANG_WARN_STRICT_PROTOTYPES = YES;
				CLANG_WARN_SUSPICIOUS_MOVE = YES;
				CLANG_WARN_UNGUARDED_AVAILABILITY = YES_AGGRESSIVE;
				CLANG_WARN_UNREACHABLE_CODE = YES;
				CLANG_WARN__DUPLICATE_METHOD_MATCH = YES;
				CODE_SIGN_IDENTITY = "iPhone Developer";
				CODE_SIGN_STYLE = Automatic;
				COPY_PHASE_STRIP = NO;
				DEBUG_INFORMATION_FORMAT = "dwarf-with-dsym";
				DEVELOPMENT_TEAM = R8SVG8SF99;
				ENABLE_NS_ASSERTIONS = NO;
				ENABLE_STRICT_OBJC_MSGSEND = YES;
				GCC_C_LANGUAGE_STANDARD = gnu11;
				GCC_NO_COMMON_BLOCKS = YES;
				GCC_WARN_64_TO_32_BIT_CONVERSION = YES;
				GCC_WARN_ABOUT_RETURN_TYPE = YES_ERROR;
				GCC_WARN_UNDECLARED_SELECTOR = YES;
				GCC_WARN_UNINITIALIZED_AUTOS = YES_AGGRESSIVE;
				GCC_WARN_UNUSED_FUNCTION = YES;
				GCC_WARN_UNUSED_VARIABLE = YES;
				IPHONEOS_DEPLOYMENT_TARGET = 10.0;
				MTL_ENABLE_DEBUG_INFO = NO;
				SDKROOT = iphoneos;
				SWIFT_COMPILATION_MODE = wholemodule;
				SWIFT_OPTIMIZATION_LEVEL = "-Onone";
				VALIDATE_PRODUCT = YES;
			};
			name = Release;
		};
		3F244F5620639AE700D69338 /* Debug */ = {
			isa = XCBuildConfiguration;
			baseConfigurationReference = BA5672D4B9B7D8599E22A6FE /* Pods-TaPs.debug.xcconfig */;
			buildSettings = {
				ASSETCATALOG_COMPILER_APPICON_NAME = AppIcon;
				CODE_SIGN_ENTITLEMENTS = TaPs/TaPs.entitlements;
				CODE_SIGN_IDENTITY = "iPhone Developer";
				CODE_SIGN_STYLE = Automatic;
				DEVELOPMENT_TEAM = R8SVG8SF99;
				INFOPLIST_FILE = "$(SRCROOT)/TaPs/Info.plist";
				IPHONEOS_DEPLOYMENT_TARGET = 10.0;
				LD_RUNPATH_SEARCH_PATHS = "$(inherited) @executable_path/Frameworks";
				MTL_ENABLE_DEBUG_INFO = NO;
				PRODUCT_BUNDLE_IDENTIFIER = com.redkiteprojects.TaPs;
				PRODUCT_NAME = "$(TARGET_NAME)";
				PROVISIONING_PROFILE_SPECIFIER = "";
				SWIFT_VERSION = 4.2;
				TARGETED_DEVICE_FAMILY = "1,2";
			};
			name = Debug;
		};
		3F244F5720639AE700D69338 /* Release */ = {
			isa = XCBuildConfiguration;
			baseConfigurationReference = E5E2AC02A93715B80A57EA2B /* Pods-TaPs.release.xcconfig */;
			buildSettings = {
				ASSETCATALOG_COMPILER_APPICON_NAME = AppIcon;
				CODE_SIGN_ENTITLEMENTS = TaPs/TaPs.entitlements;
				CODE_SIGN_IDENTITY = "iPhone Developer";
				CODE_SIGN_STYLE = Automatic;
				DEVELOPMENT_TEAM = R8SVG8SF99;
				INFOPLIST_FILE = "$(SRCROOT)/TaPs/Info.plist";
				IPHONEOS_DEPLOYMENT_TARGET = 10.0;
				LD_RUNPATH_SEARCH_PATHS = "$(inherited) @executable_path/Frameworks";
				MTL_ENABLE_DEBUG_INFO = YES;
				PRODUCT_BUNDLE_IDENTIFIER = com.redkiteprojects.TaPs;
				PRODUCT_NAME = "$(TARGET_NAME)";
				PROVISIONING_PROFILE_SPECIFIER = "";
				SWIFT_VERSION = 4.2;
				TARGETED_DEVICE_FAMILY = "1,2";
			};
			name = Release;
		};
/* End XCBuildConfiguration section */

/* Begin XCConfigurationList section */
		3F244F3C20639AE700D69338 /* Build configuration list for PBXProject "TaPs" */ = {
			isa = XCConfigurationList;
			buildConfigurations = (
				3F244F5320639AE700D69338 /* Debug */,
				3F244F5420639AE700D69338 /* Release */,
			);
			defaultConfigurationIsVisible = 0;
			defaultConfigurationName = Release;
		};
		3F244F5520639AE700D69338 /* Build configuration list for PBXNativeTarget "TaPs" */ = {
			isa = XCConfigurationList;
			buildConfigurations = (
				3F244F5620639AE700D69338 /* Debug */,
				3F244F5720639AE700D69338 /* Release */,
			);
			defaultConfigurationIsVisible = 0;
			defaultConfigurationName = Release;
		};
/* End XCConfigurationList section */

/* Begin XCVersionGroup section */
		3F4F009A20B706AE008436F1 /* TaPs.xcdatamodeld */ = {
			isa = XCVersionGroup;
			children = (
				3F4F009B20B706AE008436F1 /* temp.xcdatamodel */,
			);
			currentVersion = 3F4F009B20B706AE008436F1 /* temp.xcdatamodel */;
			path = TaPs.xcdatamodeld;
			sourceTree = "<group>";
			versionGroupType = wrapper.xcdatamodel;
		};
/* End XCVersionGroup section */
	};
	rootObject = 3F244F3920639AE700D69338 /* Project object */;
}
