// !$*UTF8*$!
{
	archiveVersion = 1;
	classes = {
	};
	objectVersion = 48;
	objects = {

/* Begin PBXBuildFile section */
		3F177AAC2066C1C400167F9E /* HomeViewController.swift in Sources */ = {isa = PBXBuildFile; fileRef = 3F177AAB2066C1C400167F9E /* HomeViewController.swift */; };
		3F228F6C208F501200BFA437 /* ReadWriteFileFS.swift in Sources */ = {isa = PBXBuildFile; fileRef = 3F228F6B208F501200BFA437 /* ReadWriteFileFS.swift */; };
		3F244F4520639AE700D69338 /* AppDelegate.swift in Sources */ = {isa = PBXBuildFile; fileRef = 3F244F4420639AE700D69338 /* AppDelegate.swift */; };
		3F244F4720639AE700D69338 /* PaymentsViewController.swift in Sources */ = {isa = PBXBuildFile; fileRef = 3F244F4620639AE700D69338 /* PaymentsViewController.swift */; };
		3F244F4920639AE700D69338 /* HistoryPaymentsViewController.swift in Sources */ = {isa = PBXBuildFile; fileRef = 3F244F4820639AE700D69338 /* HistoryPaymentsViewController.swift */; };
		3F244F4C20639AE700D69338 /* Main.storyboard in Resources */ = {isa = PBXBuildFile; fileRef = 3F244F4A20639AE700D69338 /* Main.storyboard */; };
		3F244F4E20639AE700D69338 /* Assets.xcassets in Resources */ = {isa = PBXBuildFile; fileRef = 3F244F4D20639AE700D69338 /* Assets.xcassets */; };
		3F244F5120639AE700D69338 /* LaunchScreen.storyboard in Resources */ = {isa = PBXBuildFile; fileRef = 3F244F4F20639AE700D69338 /* LaunchScreen.storyboard */; };
		3F5A46A02077A87D0054B218 /* AvatarCaptureController.swift in Sources */ = {isa = PBXBuildFile; fileRef = 3F5A469F2077A87C0054B218 /* AvatarCaptureController.swift */; };
		3F73C4DA2063DE35004E262E /* AccountViewController.swift in Sources */ = {isa = PBXBuildFile; fileRef = 3F73C4D92063DE35004E262E /* AccountViewController.swift */; };
		3F73C4DC2063E334004E262E /* HistoryReceiptsViewController.swift in Sources */ = {isa = PBXBuildFile; fileRef = 3F73C4DB2063E334004E262E /* HistoryReceiptsViewController.swift */; };
		3F73C4DE2063E6B2004E262E /* MakePaymentViewController copy.swift in Sources */ = {isa = PBXBuildFile; fileRef = 3F73C4DD2063E6B2004E262E /* MakePaymentViewController copy.swift */; };
		3F86764620665A2C00A925FF /* AppLocker.swift in Sources */ = {isa = PBXBuildFile; fileRef = 3F86764320665A2C00A925FF /* AppLocker.swift */; };
		3F86764720665A2C00A925FF /* AppLocker.xib in Resources */ = {isa = PBXBuildFile; fileRef = 3F86764420665A2C00A925FF /* AppLocker.xib */; };
		3F86764820665A2C00A925FF /* UI.swift in Sources */ = {isa = PBXBuildFile; fileRef = 3F86764520665A2C00A925FF /* UI.swift */; };
		E22C4330859F391B464931F4 /* Pods_Iota_Tap.framework in Frameworks */ = {isa = PBXBuildFile; fileRef = 0C0888F0C08663225B4C54FE /* Pods_Iota_Tap.framework */; };
/* End PBXBuildFile section */

/* Begin PBXFileReference section */
		0C0888F0C08663225B4C54FE /* Pods_Iota_Tap.framework */ = {isa = PBXFileReference; explicitFileType = wrapper.framework; includeInIndex = 0; path = Pods_Iota_Tap.framework; sourceTree = BUILT_PRODUCTS_DIR; };
		2B7E8A1B6F5BE2E6DEA3E906 /* Pods-Iota Tap.release.xcconfig */ = {isa = PBXFileReference; includeInIndex = 1; lastKnownFileType = text.xcconfig; name = "Pods-Iota Tap.release.xcconfig"; path = "Pods/Target Support Files/Pods-Iota Tap/Pods-Iota Tap.release.xcconfig"; sourceTree = "<group>"; };
		3F177AAB2066C1C400167F9E /* HomeViewController.swift */ = {isa = PBXFileReference; lastKnownFileType = sourcecode.swift; path = HomeViewController.swift; sourceTree = "<group>"; };
		3F228F6B208F501200BFA437 /* ReadWriteFileFS.swift */ = {isa = PBXFileReference; lastKnownFileType = sourcecode.swift; path = ReadWriteFileFS.swift; sourceTree = "<group>"; };
		3F244F4120639AE700D69338 /* Iota Tap.app */ = {isa = PBXFileReference; explicitFileType = wrapper.application; includeInIndex = 0; path = "Iota Tap.app"; sourceTree = BUILT_PRODUCTS_DIR; };
		3F244F4420639AE700D69338 /* AppDelegate.swift */ = {isa = PBXFileReference; lastKnownFileType = sourcecode.swift; path = AppDelegate.swift; sourceTree = "<group>"; };
		3F244F4620639AE700D69338 /* PaymentsViewController.swift */ = {isa = PBXFileReference; lastKnownFileType = sourcecode.swift; path = PaymentsViewController.swift; sourceTree = "<group>"; };
		3F244F4820639AE700D69338 /* HistoryPaymentsViewController.swift */ = {isa = PBXFileReference; lastKnownFileType = sourcecode.swift; path = HistoryPaymentsViewController.swift; sourceTree = "<group>"; };
		3F244F4B20639AE700D69338 /* Base */ = {isa = PBXFileReference; lastKnownFileType = file.storyboard; name = Base; path = Base.lproj/Main.storyboard; sourceTree = "<group>"; };
		3F244F4D20639AE700D69338 /* Assets.xcassets */ = {isa = PBXFileReference; lastKnownFileType = folder.assetcatalog; path = Assets.xcassets; sourceTree = "<group>"; };
		3F244F5020639AE700D69338 /* Base */ = {isa = PBXFileReference; lastKnownFileType = file.storyboard; name = Base; path = Base.lproj/LaunchScreen.storyboard; sourceTree = "<group>"; };
		3F244F5220639AE700D69338 /* Info.plist */ = {isa = PBXFileReference; lastKnownFileType = text.plist.xml; path = Info.plist; sourceTree = "<group>"; };
		3F244F5820639BB600D69338 /* Iota Tap.entitlements */ = {isa = PBXFileReference; lastKnownFileType = text.plist.entitlements; path = "Iota Tap.entitlements"; sourceTree = "<group>"; };
		3F5A469F2077A87C0054B218 /* AvatarCaptureController.swift */ = {isa = PBXFileReference; fileEncoding = 4; lastKnownFileType = sourcecode.swift; path = AvatarCaptureController.swift; sourceTree = "<group>"; };
		3F73C4D92063DE35004E262E /* AccountViewController.swift */ = {isa = PBXFileReference; lastKnownFileType = sourcecode.swift; path = AccountViewController.swift; sourceTree = "<group>"; };
		3F73C4DB2063E334004E262E /* HistoryReceiptsViewController.swift */ = {isa = PBXFileReference; lastKnownFileType = sourcecode.swift; path = HistoryReceiptsViewController.swift; sourceTree = "<group>"; };
		3F73C4DD2063E6B2004E262E /* MakePaymentViewController copy.swift */ = {isa = PBXFileReference; lastKnownFileType = sourcecode.swift; path = "MakePaymentViewController copy.swift"; sourceTree = "<group>"; };
		3F86764320665A2C00A925FF /* AppLocker.swift */ = {isa = PBXFileReference; fileEncoding = 4; lastKnownFileType = sourcecode.swift; path = AppLocker.swift; sourceTree = "<group>"; };
		3F86764420665A2C00A925FF /* AppLocker.xib */ = {isa = PBXFileReference; fileEncoding = 4; lastKnownFileType = file.xib; path = AppLocker.xib; sourceTree = "<group>"; };
		3F86764520665A2C00A925FF /* UI.swift */ = {isa = PBXFileReference; fileEncoding = 4; lastKnownFileType = sourcecode.swift; path = UI.swift; sourceTree = "<group>"; };
		FD4D75BD64B42437AC2905CC /* Pods-Iota Tap.debug.xcconfig */ = {isa = PBXFileReference; includeInIndex = 1; lastKnownFileType = text.xcconfig; name = "Pods-Iota Tap.debug.xcconfig"; path = "Pods/Target Support Files/Pods-Iota Tap/Pods-Iota Tap.debug.xcconfig"; sourceTree = "<group>"; };
/* End PBXFileReference section */

/* Begin PBXFrameworksBuildPhase section */
		3F244F3E20639AE700D69338 /* Frameworks */ = {
			isa = PBXFrameworksBuildPhase;
			buildActionMask = 2147483647;
			files = (
				E22C4330859F391B464931F4 /* Pods_Iota_Tap.framework in Frameworks */,
			);
			runOnlyForDeploymentPostprocessing = 0;
		};
/* End PBXFrameworksBuildPhase section */

/* Begin PBXGroup section */
		05A5065621213CD943970D12 /* Pods */ = {
			isa = PBXGroup;
			children = (
				FD4D75BD64B42437AC2905CC /* Pods-Iota Tap.debug.xcconfig */,
				2B7E8A1B6F5BE2E6DEA3E906 /* Pods-Iota Tap.release.xcconfig */,
			);
			name = Pods;
			sourceTree = "<group>";
		};
		3060C0D5BB7759998CBABD17 /* Frameworks */ = {
			isa = PBXGroup;
			children = (
				0C0888F0C08663225B4C54FE /* Pods_Iota_Tap.framework */,
			);
			name = Frameworks;
			sourceTree = "<group>";
		};
		3F244F3820639AE700D69338 = {
			isa = PBXGroup;
			children = (
				3F244F4320639AE700D69338 /* Iota Tap */,
				3F244F4220639AE700D69338 /* Products */,
				05A5065621213CD943970D12 /* Pods */,
				3060C0D5BB7759998CBABD17 /* Frameworks */,
			);
			sourceTree = "<group>";
		};
		3F244F4220639AE700D69338 /* Products */ = {
			isa = PBXGroup;
			children = (
				3F244F4120639AE700D69338 /* Iota Tap.app */,
			);
			name = Products;
			sourceTree = "<group>";
		};
		3F244F4320639AE700D69338 /* Iota Tap */ = {
			isa = PBXGroup;
			children = (
				3F86764120665A2C00A925FF /* Source */,
				3F244F5820639BB600D69338 /* Iota Tap.entitlements */,
				3F244F4420639AE700D69338 /* AppDelegate.swift */,
				3F5A469F2077A87C0054B218 /* AvatarCaptureController.swift */,
				3F228F6B208F501200BFA437 /* ReadWriteFileFS.swift */,
				3F244F4620639AE700D69338 /* PaymentsViewController.swift */,
				3F73C4DD2063E6B2004E262E /* MakePaymentViewController copy.swift */,
				3F244F4820639AE700D69338 /* HistoryPaymentsViewController.swift */,
				3F73C4DB2063E334004E262E /* HistoryReceiptsViewController.swift */,
				3F73C4D92063DE35004E262E /* AccountViewController.swift */,
				3F177AAB2066C1C400167F9E /* HomeViewController.swift */,
				3F244F4A20639AE700D69338 /* Main.storyboard */,
				3F244F4D20639AE700D69338 /* Assets.xcassets */,
				3F244F4F20639AE700D69338 /* LaunchScreen.storyboard */,
				3F244F5220639AE700D69338 /* Info.plist */,
			);
			path = "Iota Tap";
			sourceTree = "<group>";
		};
		3F86764120665A2C00A925FF /* Source */ = {
			isa = PBXGroup;
			children = (
				3F86764220665A2C00A925FF /* AppLocker */,
				3F86764520665A2C00A925FF /* UI.swift */,
			);
			path = Source;
			sourceTree = "<group>";
		};
		3F86764220665A2C00A925FF /* AppLocker */ = {
			isa = PBXGroup;
			children = (
				3F86764320665A2C00A925FF /* AppLocker.swift */,
				3F86764420665A2C00A925FF /* AppLocker.xib */,
			);
			path = AppLocker;
			sourceTree = "<group>";
		};
/* End PBXGroup section */

/* Begin PBXNativeTarget section */
		3F244F4020639AE700D69338 /* Iota Tap */ = {
			isa = PBXNativeTarget;
			buildConfigurationList = 3F244F5520639AE700D69338 /* Build configuration list for PBXNativeTarget "Iota Tap" */;
			buildPhases = (
				89DA6F8D7BF1708C578E7FAD /* [CP] Check Pods Manifest.lock */,
				3F244F3D20639AE700D69338 /* Sources */,
				3F244F3E20639AE700D69338 /* Frameworks */,
				3F244F3F20639AE700D69338 /* Resources */,
				C03E83FB99FA0909070BCDF0 /* [CP] Embed Pods Frameworks */,
				8D51987DA17110C4F37CB9F6 /* [CP] Copy Pods Resources */,
			);
			buildRules = (
			);
			dependencies = (
			);
			name = "Iota Tap";
			productName = "Iota Tap";
			productReference = 3F244F4120639AE700D69338 /* Iota Tap.app */;
			productType = "com.apple.product-type.application";
		};
/* End PBXNativeTarget section */

/* Begin PBXProject section */
		3F244F3920639AE700D69338 /* Project object */ = {
			isa = PBXProject;
			attributes = {
				KnownAssetTags = (
					1,
				);
				LastSwiftUpdateCheck = 0920;
				LastUpgradeCheck = 0920;
				ORGANIZATIONNAME = "Red Kite Projects Limited";
				TargetAttributes = {
					3F244F4020639AE700D69338 = {
						CreatedOnToolsVersion = 9.2;
						ProvisioningStyle = Automatic;
						SystemCapabilities = {
							com.apple.BackgroundModes = {
								enabled = 1;
							};
							com.apple.DataProtection = {
								enabled = 1;
							};
						};
					};
				};
			};
			buildConfigurationList = 3F244F3C20639AE700D69338 /* Build configuration list for PBXProject "Iota Tap" */;
			compatibilityVersion = "Xcode 8.0";
			developmentRegion = en;
			hasScannedForEncodings = 0;
			knownRegions = (
				en,
				Base,
			);
			mainGroup = 3F244F3820639AE700D69338;
			productRefGroup = 3F244F4220639AE700D69338 /* Products */;
			projectDirPath = "";
			projectRoot = "";
			targets = (
				3F244F4020639AE700D69338 /* Iota Tap */,
			);
		};
/* End PBXProject section */

/* Begin PBXResourcesBuildPhase section */
		3F244F3F20639AE700D69338 /* Resources */ = {
			isa = PBXResourcesBuildPhase;
			buildActionMask = 2147483647;
			files = (
				3F244F5120639AE700D69338 /* LaunchScreen.storyboard in Resources */,
				3F244F4E20639AE700D69338 /* Assets.xcassets in Resources */,
				3F244F4C20639AE700D69338 /* Main.storyboard in Resources */,
				3F86764720665A2C00A925FF /* AppLocker.xib in Resources */,
			);
			runOnlyForDeploymentPostprocessing = 0;
		};
/* End PBXResourcesBuildPhase section */

/* Begin PBXShellScriptBuildPhase section */
		89DA6F8D7BF1708C578E7FAD /* [CP] Check Pods Manifest.lock */ = {
			isa = PBXShellScriptBuildPhase;
			buildActionMask = 2147483647;
			files = (
			);
			inputPaths = (
				"${PODS_PODFILE_DIR_PATH}/Podfile.lock",
				"${PODS_ROOT}/Manifest.lock",
			);
			name = "[CP] Check Pods Manifest.lock";
			outputPaths = (
				"$(DERIVED_FILE_DIR)/Pods-Iota Tap-checkManifestLockResult.txt",
			);
			runOnlyForDeploymentPostprocessing = 0;
			shellPath = /bin/sh;
			shellScript = "diff \"${PODS_PODFILE_DIR_PATH}/Podfile.lock\" \"${PODS_ROOT}/Manifest.lock\" > /dev/null\nif [ $? != 0 ] ; then\n    # print error to STDERR\n    echo \"error: The sandbox is not in sync with the Podfile.lock. Run 'pod install' or update your CocoaPods installation.\" >&2\n    exit 1\nfi\n# This output is used by Xcode 'outputs' to avoid re-running this script phase.\necho \"SUCCESS\" > \"${SCRIPT_OUTPUT_FILE_0}\"\n";
			showEnvVarsInLog = 0;
		};
		8D51987DA17110C4F37CB9F6 /* [CP] Copy Pods Resources */ = {
			isa = PBXShellScriptBuildPhase;
			buildActionMask = 2147483647;
			files = (
			);
			inputPaths = (
				"${SRCROOT}/Pods/Target Support Files/Pods-Iota Tap/Pods-Iota Tap-resources.sh",
				"${PODS_CONFIGURATION_BUILD_DIR}/AvatarCapture/AvatarCapture.bundle",
			);
			name = "[CP] Copy Pods Resources";
			outputPaths = (
				"${TARGET_BUILD_DIR}/${UNLOCALIZED_RESOURCES_FOLDER_PATH}/AvatarCapture.bundle",
			);
			runOnlyForDeploymentPostprocessing = 0;
			shellPath = /bin/sh;
			shellScript = "\"${SRCROOT}/Pods/Target Support Files/Pods-Iota Tap/Pods-Iota Tap-resources.sh\"\n";
			showEnvVarsInLog = 0;
		};
		C03E83FB99FA0909070BCDF0 /* [CP] Embed Pods Frameworks */ = {
			isa = PBXShellScriptBuildPhase;
			buildActionMask = 2147483647;
			files = (
			);
			inputPaths = (
				"${SRCROOT}/Pods/Target Support Files/Pods-Iota Tap/Pods-Iota Tap-frameworks.sh",
				"${BUILT_PRODUCTS_DIR}/AvatarCapture/AvatarCapture.framework",
				"${BUILT_PRODUCTS_DIR}/FontAwesome.swift/FontAwesome_swift.framework",
				"${BUILT_PRODUCTS_DIR}/IotaKit/IotaKit.framework",
				"${BUILT_PRODUCTS_DIR}/SwiftKeychainWrapper/SwiftKeychainWrapper.framework",
			);
			name = "[CP] Embed Pods Frameworks";
			outputPaths = (
				"${TARGET_BUILD_DIR}/${FRAMEWORKS_FOLDER_PATH}/AvatarCapture.framework",
				"${TARGET_BUILD_DIR}/${FRAMEWORKS_FOLDER_PATH}/FontAwesome_swift.framework",
				"${TARGET_BUILD_DIR}/${FRAMEWORKS_FOLDER_PATH}/IotaKit.framework",
				"${TARGET_BUILD_DIR}/${FRAMEWORKS_FOLDER_PATH}/SwiftKeychainWrapper.framework",
			);
			runOnlyForDeploymentPostprocessing = 0;
			shellPath = /bin/sh;
			shellScript = "\"${SRCROOT}/Pods/Target Support Files/Pods-Iota Tap/Pods-Iota Tap-frameworks.sh\"\n";
			showEnvVarsInLog = 0;
		};
/* End PBXShellScriptBuildPhase section */

/* Begin PBXSourcesBuildPhase section */
		3F244F3D20639AE700D69338 /* Sources */ = {
			isa = PBXSourcesBuildPhase;
			buildActionMask = 2147483647;
			files = (
				3F244F4920639AE700D69338 /* HistoryPaymentsViewController.swift in Sources */,
				3F244F4520639AE700D69338 /* AppDelegate.swift in Sources */,
				3F244F4720639AE700D69338 /* PaymentsViewController.swift in Sources */,
				3F5A46A02077A87D0054B218 /* AvatarCaptureController.swift in Sources */,
				3F73C4DC2063E334004E262E /* HistoryReceiptsViewController.swift in Sources */,
				3F73C4DE2063E6B2004E262E /* MakePaymentViewController copy.swift in Sources */,
				3F73C4DA2063DE35004E262E /* AccountViewController.swift in Sources */,
				3F228F6C208F501200BFA437 /* ReadWriteFileFS.swift in Sources */,
				3F86764820665A2C00A925FF /* UI.swift in Sources */,
				3F177AAC2066C1C400167F9E /* HomeViewController.swift in Sources */,
				3F86764620665A2C00A925FF /* AppLocker.swift in Sources */,
			);
			runOnlyForDeploymentPostprocessing = 0;
		};
/* End PBXSourcesBuildPhase section */

/* Begin PBXVariantGroup section */
		3F244F4A20639AE700D69338 /* Main.storyboard */ = {
			isa = PBXVariantGroup;
			children = (
				3F244F4B20639AE700D69338 /* Base */,
			);
			name = Main.storyboard;
			sourceTree = "<group>";
		};
		3F244F4F20639AE700D69338 /* LaunchScreen.storyboard */ = {
			isa = PBXVariantGroup;
			children = (
				3F244F5020639AE700D69338 /* Base */,
			);
			name = LaunchScreen.storyboard;
			sourceTree = "<group>";
		};
/* End PBXVariantGroup section */

/* Begin XCBuildConfiguration section */
		3F244F5320639AE700D69338 /* Debug */ = {
			isa = XCBuildConfiguration;
			buildSettings = {
				ALWAYS_SEARCH_USER_PATHS = NO;
				CLANG_ANALYZER_NONNULL = YES;
				CLANG_ANALYZER_NUMBER_OBJECT_CONVERSION = YES_AGGRESSIVE;
				CLANG_CXX_LANGUAGE_STANDARD = "gnu++14";
				CLANG_CXX_LIBRARY = "libc++";
				CLANG_ENABLE_MODULES = YES;
				CLANG_ENABLE_OBJC_ARC = YES;
				CLANG_WARN_BLOCK_CAPTURE_AUTORELEASING = YES;
				CLANG_WARN_BOOL_CONVERSION = YES;
				CLANG_WARN_COMMA = YES;
				CLANG_WARN_CONSTANT_CONVERSION = YES;
				CLANG_WARN_DIRECT_OBJC_ISA_USAGE = YES_ERROR;
				CLANG_WARN_DOCUMENTATION_COMMENTS = YES;
				CLANG_WARN_EMPTY_BODY = YES;
				CLANG_WARN_ENUM_CONVERSION = YES;
				CLANG_WARN_INFINITE_RECURSION = YES;
				CLANG_WARN_INT_CONVERSION = YES;
				CLANG_WARN_NON_LITERAL_NULL_CONVERSION = YES;
				CLANG_WARN_OBJC_LITERAL_CONVERSION = YES;
				CLANG_WARN_OBJC_ROOT_CLASS = YES_ERROR;
				CLANG_WARN_RANGE_LOOP_ANALYSIS = YES;
				CLANG_WARN_STRICT_PROTOTYPES = YES;
				CLANG_WARN_SUSPICIOUS_MOVE = YES;
				CLANG_WARN_UNGUARDED_AVAILABILITY = YES_AGGRESSIVE;
				CLANG_WARN_UNREACHABLE_CODE = YES;
				CLANG_WARN__DUPLICATE_METHOD_MATCH = YES;
				CODE_SIGN_IDENTITY = "iPhone Developer";
				CODE_SIGN_STYLE = Automatic;
				COPY_PHASE_STRIP = NO;
				DEBUG_INFORMATION_FORMAT = dwarf;
				DEVELOPMENT_TEAM = "";
				ENABLE_STRICT_OBJC_MSGSEND = YES;
				ENABLE_TESTABILITY = YES;
				GCC_C_LANGUAGE_STANDARD = gnu11;
				GCC_DYNAMIC_NO_PIC = NO;
				GCC_NO_COMMON_BLOCKS = YES;
				GCC_OPTIMIZATION_LEVEL = 0;
				GCC_PREPROCESSOR_DEFINITIONS = (
					"DEBUG=1",
					"$(inherited)",
				);
				GCC_WARN_64_TO_32_BIT_CONVERSION = YES;
				GCC_WARN_ABOUT_RETURN_TYPE = YES_ERROR;
				GCC_WARN_UNDECLARED_SELECTOR = YES;
				GCC_WARN_UNINITIALIZED_AUTOS = YES_AGGRESSIVE;
				GCC_WARN_UNUSED_FUNCTION = YES;
				GCC_WARN_UNUSED_VARIABLE = YES;
				IPHONEOS_DEPLOYMENT_TARGET = 11.2;
				MTL_ENABLE_DEBUG_INFO = YES;
				ONLY_ACTIVE_ARCH = YES;
				SDKROOT = iphoneos;
				SWIFT_ACTIVE_COMPILATION_CONDITIONS = DEBUG;
				SWIFT_OPTIMIZATION_LEVEL = "-Onone";
			};
			name = Debug;
		};
		3F244F5420639AE700D69338 /* Release */ = {
			isa = XCBuildConfiguration;
			buildSettings = {
				ALWAYS_SEARCH_USER_PATHS = NO;
				CLANG_ANALYZER_NONNULL = YES;
				CLANG_ANALYZER_NUMBER_OBJECT_CONVERSION = YES_AGGRESSIVE;
				CLANG_CXX_LANGUAGE_STANDARD = "gnu++14";
				CLANG_CXX_LIBRARY = "libc++";
				CLANG_ENABLE_MODULES = YES;
				CLANG_ENABLE_OBJC_ARC = YES;
				CLANG_WARN_BLOCK_CAPTURE_AUTORELEASING = YES;
				CLANG_WARN_BOOL_CONVERSION = YES;
				CLANG_WARN_COMMA = YES;
				CLANG_WARN_CONSTANT_CONVERSION = YES;
				CLANG_WARN_DIRECT_OBJC_ISA_USAGE = YES_ERROR;
				CLANG_WARN_DOCUMENTATION_COMMENTS = YES;
				CLANG_WARN_EMPTY_BODY = YES;
				CLANG_WARN_ENUM_CONVERSION = YES;
				CLANG_WARN_INFINITE_RECURSION = YES;
				CLANG_WARN_INT_CONVERSION = YES;
				CLANG_WARN_NON_LITERAL_NULL_CONVERSION = YES;
				CLANG_WARN_OBJC_LITERAL_CONVERSION = YES;
				CLANG_WARN_OBJC_ROOT_CLASS = YES_ERROR;
				CLANG_WARN_RANGE_LOOP_ANALYSIS = YES;
				CLANG_WARN_STRICT_PROTOTYPES = YES;
				CLANG_WARN_SUSPICIOUS_MOVE = YES;
				CLANG_WARN_UNGUARDED_AVAILABILITY = YES_AGGRESSIVE;
				CLANG_WARN_UNREACHABLE_CODE = YES;
				CLANG_WARN__DUPLICATE_METHOD_MATCH = YES;
				CODE_SIGN_IDENTITY = "iPhone Developer";
				CODE_SIGN_STYLE = Automatic;
				COPY_PHASE_STRIP = NO;
				DEBUG_INFORMATION_FORMAT = "dwarf-with-dsym";
				DEVELOPMENT_TEAM = "";
				ENABLE_NS_ASSERTIONS = NO;
				ENABLE_STRICT_OBJC_MSGSEND = YES;
				GCC_C_LANGUAGE_STANDARD = gnu11;
				GCC_NO_COMMON_BLOCKS = YES;
				GCC_WARN_64_TO_32_BIT_CONVERSION = YES;
				GCC_WARN_ABOUT_RETURN_TYPE = YES_ERROR;
				GCC_WARN_UNDECLARED_SELECTOR = YES;
				GCC_WARN_UNINITIALIZED_AUTOS = YES_AGGRESSIVE;
				GCC_WARN_UNUSED_FUNCTION = YES;
				GCC_WARN_UNUSED_VARIABLE = YES;
				IPHONEOS_DEPLOYMENT_TARGET = 11.2;
				MTL_ENABLE_DEBUG_INFO = NO;
				SDKROOT = iphoneos;
				SWIFT_OPTIMIZATION_LEVEL = "-Owholemodule";
				VALIDATE_PRODUCT = YES;
			};
			name = Release;
		};
		3F244F5620639AE700D69338 /* Debug */ = {
			isa = XCBuildConfiguration;
			baseConfigurationReference = FD4D75BD64B42437AC2905CC /* Pods-Iota Tap.debug.xcconfig */;
			buildSettings = {
				ASSETCATALOG_COMPILER_APPICON_NAME = AppIcon;
				CODE_SIGN_ENTITLEMENTS = "Iota Tap/Iota Tap.entitlements";
				CODE_SIGN_STYLE = Automatic;
				DEVELOPMENT_TEAM = R8SVG8SF99;
				INFOPLIST_FILE = "Iota Tap/Info.plist";
				IPHONEOS_DEPLOYMENT_TARGET = 10.0;
				LD_RUNPATH_SEARCH_PATHS = "$(inherited) @executable_path/Frameworks";
				PRODUCT_BUNDLE_IDENTIFIER = "com.redkiteprojects.Iota-Tap";
				PRODUCT_NAME = "$(TARGET_NAME)";
				SWIFT_VERSION = 4.0;
				TARGETED_DEVICE_FAMILY = 1;
			};
			name = Debug;
		};
		3F244F5720639AE700D69338 /* Release */ = {
			isa = XCBuildConfiguration;
			baseConfigurationReference = 2B7E8A1B6F5BE2E6DEA3E906 /* Pods-Iota Tap.release.xcconfig */;
			buildSettings = {
				ASSETCATALOG_COMPILER_APPICON_NAME = AppIcon;
				CODE_SIGN_ENTITLEMENTS = "Iota Tap/Iota Tap.entitlements";
				CODE_SIGN_STYLE = Automatic;
				DEVELOPMENT_TEAM = R8SVG8SF99;
				INFOPLIST_FILE = "Iota Tap/Info.plist";
				IPHONEOS_DEPLOYMENT_TARGET = 10.0;
				LD_RUNPATH_SEARCH_PATHS = "$(inherited) @executable_path/Frameworks";
				PRODUCT_BUNDLE_IDENTIFIER = "com.redkiteprojects.Iota-Tap";
				PRODUCT_NAME = "$(TARGET_NAME)";
				SWIFT_VERSION = 4.0;
				TARGETED_DEVICE_FAMILY = 1;
			};
			name = Release;
		};
/* End XCBuildConfiguration section */

/* Begin XCConfigurationList section */
		3F244F3C20639AE700D69338 /* Build configuration list for PBXProject "Iota Tap" */ = {
			isa = XCConfigurationList;
			buildConfigurations = (
				3F244F5320639AE700D69338 /* Debug */,
				3F244F5420639AE700D69338 /* Release */,
			);
			defaultConfigurationIsVisible = 0;
			defaultConfigurationName = Release;
		};
		3F244F5520639AE700D69338 /* Build configuration list for PBXNativeTarget "Iota Tap" */ = {
			isa = XCConfigurationList;
			buildConfigurations = (
				3F244F5620639AE700D69338 /* Debug */,
				3F244F5720639AE700D69338 /* Release */,
			);
			defaultConfigurationIsVisible = 0;
			defaultConfigurationName = Release;
		};
/* End XCConfigurationList section */
	};
	rootObject = 3F244F3920639AE700D69338 /* Project object */;
}
